// !$*UTF8*$!
{
	archiveVersion = 1;
	classes = {
	};
	objectVersion = 55;
	objects = {

/* Begin PBXBuildFile section */
		B2A03E9D281F717F000DD5FA /* expensesApp.swift in Sources */ = {isa = PBXBuildFile; fileRef = B2A03E9C281F717F000DD5FA /* expensesApp.swift */; };
		B2A03E9F281F717F000DD5FA /* ContentView.swift in Sources */ = {isa = PBXBuildFile; fileRef = B2A03E9E281F717F000DD5FA /* ContentView.swift */; };
		B2A03EA1281F7182000DD5FA /* Assets.xcassets in Resources */ = {isa = PBXBuildFile; fileRef = B2A03EA0281F7182000DD5FA /* Assets.xcassets */; };
		B2A03EA4281F7182000DD5FA /* Preview Assets.xcassets in Resources */ = {isa = PBXBuildFile; fileRef = B2A03EA3281F7182000DD5FA /* Preview Assets.xcassets */; };
		B2A03EAB281F73CA000DD5FA /* Extensions.swift in Sources */ = {isa = PBXBuildFile; fileRef = B2A03EAA281F73CA000DD5FA /* Extensions.swift */; };
		B2A03EB9281F7CB1000DD5FA /* TransactionModel.swift in Sources */ = {isa = PBXBuildFile; fileRef = B2A03EB8281F7CB1000DD5FA /* TransactionModel.swift */; };
		B2A03ED12820D4F8000DD5FA /* User.swift in Sources */ = {isa = PBXBuildFile; fileRef = B2A03ED02820D4F8000DD5FA /* User.swift */; };
		B2A03ED42820D63A000DD5FA /* TransactionRow.swift in Sources */ = {isa = PBXBuildFile; fileRef = B2A03ED32820D63A000DD5FA /* TransactionRow.swift */; };
		B2A03ED628226371000DD5FA /* PreviewData.swift in Sources */ = {isa = PBXBuildFile; fileRef = B2A03ED528226371000DD5FA /* PreviewData.swift */; };
		B2A03ED8282267FE000DD5FA /* TransactionListViewModel.swift in Sources */ = {isa = PBXBuildFile; fileRef = B2A03ED7282267FE000DD5FA /* TransactionListViewModel.swift */; };
		B2A03EDB2822B54B000DD5FA /* TransactionBlock.swift in Sources */ = {isa = PBXBuildFile; fileRef = B2A03EDA2822B54B000DD5FA /* TransactionBlock.swift */; };
		B2A03EDD2822BDB9000DD5FA /* Category.swift in Sources */ = {isa = PBXBuildFile; fileRef = B2A03EDC2822BDB9000DD5FA /* Category.swift */; };
		B2A03EE02824FEC0000DD5FA /* SwiftUIFontIcon in Frameworks */ = {isa = PBXBuildFile; productRef = B2A03EDF2824FEC0000DD5FA /* SwiftUIFontIcon */; };
		B2A03EE22825144A000DD5FA /* TransactionList.swift in Sources */ = {isa = PBXBuildFile; fileRef = B2A03EE12825144A000DD5FA /* TransactionList.swift */; };
		B2A03EE5282517D9000DD5FA /* Collections in Frameworks */ = {isa = PBXBuildFile; productRef = B2A03EE4282517D9000DD5FA /* Collections */; };
		B2A03EE828251A04000DD5FA /* SwiftUICharts in Frameworks */ = {isa = PBXBuildFile; productRef = B2A03EE728251A04000DD5FA /* SwiftUICharts */; };
/* End PBXBuildFile section */

/* Begin PBXFileReference section */
		B2A03E99281F717F000DD5FA /* expenses.app */ = {isa = PBXFileReference; explicitFileType = wrapper.application; includeInIndex = 0; path = expenses.app; sourceTree = BUILT_PRODUCTS_DIR; };
		B2A03E9C281F717F000DD5FA /* expensesApp.swift */ = {isa = PBXFileReference; lastKnownFileType = sourcecode.swift; path = expensesApp.swift; sourceTree = "<group>"; };
		B2A03E9E281F717F000DD5FA /* ContentView.swift */ = {isa = PBXFileReference; lastKnownFileType = sourcecode.swift; path = ContentView.swift; sourceTree = "<group>"; };
		B2A03EA0281F7182000DD5FA /* Assets.xcassets */ = {isa = PBXFileReference; lastKnownFileType = folder.assetcatalog; path = Assets.xcassets; sourceTree = "<group>"; };
		B2A03EA3281F7182000DD5FA /* Preview Assets.xcassets */ = {isa = PBXFileReference; lastKnownFileType = folder.assetcatalog; path = "Preview Assets.xcassets"; sourceTree = "<group>"; };
		B2A03EAA281F73CA000DD5FA /* Extensions.swift */ = {isa = PBXFileReference; lastKnownFileType = sourcecode.swift; path = Extensions.swift; sourceTree = "<group>"; };
		B2A03EB8281F7CB1000DD5FA /* TransactionModel.swift */ = {isa = PBXFileReference; lastKnownFileType = sourcecode.swift; path = TransactionModel.swift; sourceTree = "<group>"; };
		B2A03ED02820D4F8000DD5FA /* User.swift */ = {isa = PBXFileReference; lastKnownFileType = sourcecode.swift; path = User.swift; sourceTree = "<group>"; };
		B2A03ED32820D63A000DD5FA /* TransactionRow.swift */ = {isa = PBXFileReference; lastKnownFileType = sourcecode.swift; path = TransactionRow.swift; sourceTree = "<group>"; };
		B2A03ED528226371000DD5FA /* PreviewData.swift */ = {isa = PBXFileReference; lastKnownFileType = sourcecode.swift; path = PreviewData.swift; sourceTree = "<group>"; };
		B2A03ED7282267FE000DD5FA /* TransactionListViewModel.swift */ = {isa = PBXFileReference; lastKnownFileType = sourcecode.swift; path = TransactionListViewModel.swift; sourceTree = "<group>"; };
		B2A03EDA2822B54B000DD5FA /* TransactionBlock.swift */ = {isa = PBXFileReference; lastKnownFileType = sourcecode.swift; path = TransactionBlock.swift; sourceTree = "<group>"; };
		B2A03EDC2822BDB9000DD5FA /* Category.swift */ = {isa = PBXFileReference; lastKnownFileType = sourcecode.swift; path = Category.swift; sourceTree = "<group>"; };
		B2A03EE12825144A000DD5FA /* TransactionList.swift */ = {isa = PBXFileReference; lastKnownFileType = sourcecode.swift; path = TransactionList.swift; sourceTree = "<group>"; };
/* End PBXFileReference section */

/* Begin PBXFrameworksBuildPhase section */
		B2A03E96281F717F000DD5FA /* Frameworks */ = {
			isa = PBXFrameworksBuildPhase;
			buildActionMask = 2147483647;
			files = (
				B2A03EE828251A04000DD5FA /* SwiftUICharts in Frameworks */,
				B2A03EE5282517D9000DD5FA /* Collections in Frameworks */,
				B2A03EE02824FEC0000DD5FA /* SwiftUIFontIcon in Frameworks */,
			);
			runOnlyForDeploymentPostprocessing = 0;
		};
/* End PBXFrameworksBuildPhase section */

/* Begin PBXGroup section */
		B2A03E90281F717F000DD5FA = {
			isa = PBXGroup;
			children = (
				B2A03E9B281F717F000DD5FA /* expenses */,
				B2A03E9A281F717F000DD5FA /* Products */,
			);
			sourceTree = "<group>";
		};
		B2A03E9A281F717F000DD5FA /* Products */ = {
			isa = PBXGroup;
			children = (
				B2A03E99281F717F000DD5FA /* expenses.app */,
			);
			name = Products;
			sourceTree = "<group>";
		};
		B2A03E9B281F717F000DD5FA /* expenses */ = {
			isa = PBXGroup;
			children = (
				B2A03E9C281F717F000DD5FA /* expensesApp.swift */,
				B2A03ED22820D629000DD5FA /* Views */,
				B2A03EB7281F7C9C000DD5FA /* Models */,
				B2A03EAC281F7602000DD5FA /* helpers */,
				B2A03EA0281F7182000DD5FA /* Assets.xcassets */,
				B2A03EA2281F7182000DD5FA /* Preview Content */,
			);
			path = expenses;
			sourceTree = "<group>";
		};
		B2A03EA2281F7182000DD5FA /* Preview Content */ = {
			isa = PBXGroup;
			children = (
				B2A03EA3281F7182000DD5FA /* Preview Assets.xcassets */,
				B2A03ED528226371000DD5FA /* PreviewData.swift */,
			);
			path = "Preview Content";
			sourceTree = "<group>";
		};
		B2A03EAC281F7602000DD5FA /* helpers */ = {
			isa = PBXGroup;
			children = (
				B2A03EAA281F73CA000DD5FA /* Extensions.swift */,
			);
			path = helpers;
			sourceTree = "<group>";
		};
		B2A03EB7281F7C9C000DD5FA /* Models */ = {
			isa = PBXGroup;
			children = (
				B2A03EB8281F7CB1000DD5FA /* TransactionModel.swift */,
				B2A03ED02820D4F8000DD5FA /* User.swift */,
				B2A03ED7282267FE000DD5FA /* TransactionListViewModel.swift */,
				B2A03EDC2822BDB9000DD5FA /* Category.swift */,
			);
			path = Models;
			sourceTree = "<group>";
		};
		B2A03ED22820D629000DD5FA /* Views */ = {
			isa = PBXGroup;
			children = (
				B2A03E9E281F717F000DD5FA /* ContentView.swift */,
				B2A03ED92822B4FC000DD5FA /* Transactions */,
			);
			path = Views;
			sourceTree = "<group>";
		};
		B2A03ED92822B4FC000DD5FA /* Transactions */ = {
			isa = PBXGroup;
			children = (
				B2A03ED32820D63A000DD5FA /* TransactionRow.swift */,
				B2A03EDA2822B54B000DD5FA /* TransactionBlock.swift */,
				B2A03EE12825144A000DD5FA /* TransactionList.swift */,
			);
			path = Transactions;
			sourceTree = "<group>";
		};
/* End PBXGroup section */

/* Begin PBXNativeTarget section */
		B2A03E98281F717F000DD5FA /* expenses */ = {
			isa = PBXNativeTarget;
			buildConfigurationList = B2A03EA7281F7182000DD5FA /* Build configuration list for PBXNativeTarget "expenses" */;
			buildPhases = (
				B2A03E95281F717F000DD5FA /* Sources */,
				B2A03E96281F717F000DD5FA /* Frameworks */,
				B2A03E97281F717F000DD5FA /* Resources */,
			);
			buildRules = (
			);
			dependencies = (
			);
			name = expenses;
			packageProductDependencies = (
				B2A03EDF2824FEC0000DD5FA /* SwiftUIFontIcon */,
				B2A03EE4282517D9000DD5FA /* Collections */,
				B2A03EE728251A04000DD5FA /* SwiftUICharts */,
			);
			productName = expenses;
			productReference = B2A03E99281F717F000DD5FA /* expenses.app */;
			productType = "com.apple.product-type.application";
		};
/* End PBXNativeTarget section */

/* Begin PBXProject section */
		B2A03E91281F717F000DD5FA /* Project object */ = {
			isa = PBXProject;
			attributes = {
				BuildIndependentTargetsInParallel = 1;
				LastSwiftUpdateCheck = 1330;
				LastUpgradeCheck = 1330;
				TargetAttributes = {
					B2A03E98281F717F000DD5FA = {
						CreatedOnToolsVersion = 13.3.1;
					};
				};
			};
			buildConfigurationList = B2A03E94281F717F000DD5FA /* Build configuration list for PBXProject "expenses" */;
			compatibilityVersion = "Xcode 13.0";
			developmentRegion = en;
			hasScannedForEncodings = 0;
			knownRegions = (
				en,
				Base,
				ja,
			);
			mainGroup = B2A03E90281F717F000DD5FA;
			packageReferences = (
				B2A03EDE2824FEC0000DD5FA /* XCRemoteSwiftPackageReference "SwiftUIFontIcon" */,
				B2A03EE3282517D9000DD5FA /* XCRemoteSwiftPackageReference "swift-collections" */,
				B2A03EE628251A04000DD5FA /* XCRemoteSwiftPackageReference "ChartView" */,
			);
			productRefGroup = B2A03E9A281F717F000DD5FA /* Products */;
			projectDirPath = "";
			projectRoot = "";
			targets = (
				B2A03E98281F717F000DD5FA /* expenses */,
			);
		};
/* End PBXProject section */

/* Begin PBXResourcesBuildPhase section */
		B2A03E97281F717F000DD5FA /* Resources */ = {
			isa = PBXResourcesBuildPhase;
			buildActionMask = 2147483647;
			files = (
				B2A03EA4281F7182000DD5FA /* Preview Assets.xcassets in Resources */,
				B2A03EA1281F7182000DD5FA /* Assets.xcassets in Resources */,
			);
			runOnlyForDeploymentPostprocessing = 0;
		};
/* End PBXResourcesBuildPhase section */

/* Begin PBXSourcesBuildPhase section */
		B2A03E95281F717F000DD5FA /* Sources */ = {
			isa = PBXSourcesBuildPhase;
			buildActionMask = 2147483647;
			files = (
				B2A03EB9281F7CB1000DD5FA /* TransactionModel.swift in Sources */,
				B2A03EDD2822BDB9000DD5FA /* Category.swift in Sources */,
				B2A03E9F281F717F000DD5FA /* ContentView.swift in Sources */,
				B2A03EAB281F73CA000DD5FA /* Extensions.swift in Sources */,
				B2A03EE22825144A000DD5FA /* TransactionList.swift in Sources */,
				B2A03ED42820D63A000DD5FA /* TransactionRow.swift in Sources */,
				B2A03ED628226371000DD5FA /* PreviewData.swift in Sources */,
				B2A03EDB2822B54B000DD5FA /* TransactionBlock.swift in Sources */,
				B2A03ED12820D4F8000DD5FA /* User.swift in Sources */,
				B2A03E9D281F717F000DD5FA /* expensesApp.swift in Sources */,
				B2A03ED8282267FE000DD5FA /* TransactionListViewModel.swift in Sources */,
			);
			runOnlyForDeploymentPostprocessing = 0;
		};
/* End PBXSourcesBuildPhase section */

/* Begin XCBuildConfiguration section */
		B2A03EA5281F7182000DD5FA /* Debug */ = {
			isa = XCBuildConfiguration;
			buildSettings = {
				ALWAYS_SEARCH_USER_PATHS = NO;
				CLANG_ANALYZER_NONNULL = YES;
				CLANG_ANALYZER_NUMBER_OBJECT_CONVERSION = YES_AGGRESSIVE;
				CLANG_CXX_LANGUAGE_STANDARD = "gnu++17";
				CLANG_ENABLE_MODULES = YES;
				CLANG_ENABLE_OBJC_ARC = YES;
				CLANG_ENABLE_OBJC_WEAK = YES;
				CLANG_WARN_BLOCK_CAPTURE_AUTORELEASING = YES;
				CLANG_WARN_BOOL_CONVERSION = YES;
				CLANG_WARN_COMMA = YES;
				CLANG_WARN_CONSTANT_CONVERSION = YES;
				CLANG_WARN_DEPRECATED_OBJC_IMPLEMENTATIONS = YES;
				CLANG_WARN_DIRECT_OBJC_ISA_USAGE = YES_ERROR;
				CLANG_WARN_DOCUMENTATION_COMMENTS = YES;
				CLANG_WARN_EMPTY_BODY = YES;
				CLANG_WARN_ENUM_CONVERSION = YES;
				CLANG_WARN_INFINITE_RECURSION = YES;
				CLANG_WARN_INT_CONVERSION = YES;
				CLANG_WARN_NON_LITERAL_NULL_CONVERSION = YES;
				CLANG_WARN_OBJC_IMPLICIT_RETAIN_SELF = YES;
				CLANG_WARN_OBJC_LITERAL_CONVERSION = YES;
				CLANG_WARN_OBJC_ROOT_CLASS = YES_ERROR;
				CLANG_WARN_QUOTED_INCLUDE_IN_FRAMEWORK_HEADER = YES;
				CLANG_WARN_RANGE_LOOP_ANALYSIS = YES;
				CLANG_WARN_STRICT_PROTOTYPES = YES;
				CLANG_WARN_SUSPICIOUS_MOVE = YES;
				CLANG_WARN_UNGUARDED_AVAILABILITY = YES_AGGRESSIVE;
				CLANG_WARN_UNREACHABLE_CODE = YES;
				CLANG_WARN__DUPLICATE_METHOD_MATCH = YES;
				COPY_PHASE_STRIP = NO;
				DEBUG_INFORMATION_FORMAT = dwarf;
				ENABLE_STRICT_OBJC_MSGSEND = YES;
				ENABLE_TESTABILITY = YES;
				GCC_C_LANGUAGE_STANDARD = gnu11;
				GCC_DYNAMIC_NO_PIC = NO;
				GCC_NO_COMMON_BLOCKS = YES;
				GCC_OPTIMIZATION_LEVEL = 0;
				GCC_PREPROCESSOR_DEFINITIONS = (
					"DEBUG=1",
					"$(inherited)",
				);
				GCC_WARN_64_TO_32_BIT_CONVERSION = YES;
				GCC_WARN_ABOUT_RETURN_TYPE = YES_ERROR;
				GCC_WARN_UNDECLARED_SELECTOR = YES;
				GCC_WARN_UNINITIALIZED_AUTOS = YES_AGGRESSIVE;
				GCC_WARN_UNUSED_FUNCTION = YES;
				GCC_WARN_UNUSED_VARIABLE = YES;
				IPHONEOS_DEPLOYMENT_TARGET = 15.4;
				MTL_ENABLE_DEBUG_INFO = INCLUDE_SOURCE;
				MTL_FAST_MATH = YES;
				ONLY_ACTIVE_ARCH = YES;
				SDKROOT = iphoneos;
				SWIFT_ACTIVE_COMPILATION_CONDITIONS = DEBUG;
				SWIFT_OPTIMIZATION_LEVEL = "-Onone";
			};
			name = Debug;
		};
		B2A03EA6281F7182000DD5FA /* Release */ = {
			isa = XCBuildConfiguration;
			buildSettings = {
				ALWAYS_SEARCH_USER_PATHS = NO;
				CLANG_ANALYZER_NONNULL = YES;
				CLANG_ANALYZER_NUMBER_OBJECT_CONVERSION = YES_AGGRESSIVE;
				CLANG_CXX_LANGUAGE_STANDARD = "gnu++17";
				CLANG_ENABLE_MODULES = YES;
				CLANG_ENABLE_OBJC_ARC = YES;
				CLANG_ENABLE_OBJC_WEAK = YES;
				CLANG_WARN_BLOCK_CAPTURE_AUTORELEASING = YES;
				CLANG_WARN_BOOL_CONVERSION = YES;
				CLANG_WARN_COMMA = YES;
				CLANG_WARN_CONSTANT_CONVERSION = YES;
				CLANG_WARN_DEPRECATED_OBJC_IMPLEMENTATIONS = YES;
				CLANG_WARN_DIRECT_OBJC_ISA_USAGE = YES_ERROR;
				CLANG_WARN_DOCUMENTATION_COMMENTS = YES;
				CLANG_WARN_EMPTY_BODY = YES;
				CLANG_WARN_ENUM_CONVERSION = YES;
				CLANG_WARN_INFINITE_RECURSION = YES;
				CLANG_WARN_INT_CONVERSION = YES;
				CLANG_WARN_NON_LITERAL_NULL_CONVERSION = YES;
				CLANG_WARN_OBJC_IMPLICIT_RETAIN_SELF = YES;
				CLANG_WARN_OBJC_LITERAL_CONVERSION = YES;
				CLANG_WARN_OBJC_ROOT_CLASS = YES_ERROR;
				CLANG_WARN_QUOTED_INCLUDE_IN_FRAMEWORK_HEADER = YES;
				CLANG_WARN_RANGE_LOOP_ANALYSIS = YES;
				CLANG_WARN_STRICT_PROTOTYPES = YES;
				CLANG_WARN_SUSPICIOUS_MOVE = YES;
				CLANG_WARN_UNGUARDED_AVAILABILITY = YES_AGGRESSIVE;
				CLANG_WARN_UNREACHABLE_CODE = YES;
				CLANG_WARN__DUPLICATE_METHOD_MATCH = YES;
				COPY_PHASE_STRIP = NO;
				DEBUG_INFORMATION_FORMAT = "dwarf-with-dsym";
				ENABLE_NS_ASSERTIONS = NO;
				ENABLE_STRICT_OBJC_MSGSEND = YES;
				GCC_C_LANGUAGE_STANDARD = gnu11;
				GCC_NO_COMMON_BLOCKS = YES;
				GCC_WARN_64_TO_32_BIT_CONVERSION = YES;
				GCC_WARN_ABOUT_RETURN_TYPE = YES_ERROR;
				GCC_WARN_UNDECLARED_SELECTOR = YES;
				GCC_WARN_UNINITIALIZED_AUTOS = YES_AGGRESSIVE;
				GCC_WARN_UNUSED_FUNCTION = YES;
				GCC_WARN_UNUSED_VARIABLE = YES;
				IPHONEOS_DEPLOYMENT_TARGET = 15.4;
				MTL_ENABLE_DEBUG_INFO = NO;
				MTL_FAST_MATH = YES;
				SDKROOT = iphoneos;
				SWIFT_COMPILATION_MODE = wholemodule;
				SWIFT_OPTIMIZATION_LEVEL = "-O";
				VALIDATE_PRODUCT = YES;
			};
			name = Release;
		};
		B2A03EA8281F7182000DD5FA /* Debug */ = {
			isa = XCBuildConfiguration;
			buildSettings = {
				ASSETCATALOG_COMPILER_APPICON_NAME = AppIcon;
				ASSETCATALOG_COMPILER_GLOBAL_ACCENT_COLOR_NAME = AccentColor;
				CODE_SIGN_STYLE = Automatic;
				CURRENT_PROJECT_VERSION = 1;
				DEVELOPMENT_ASSET_PATHS = "\"expenses/Preview Content\"";
				DEVELOPMENT_TEAM = 394Y786645;
				ENABLE_PREVIEWS = YES;
				GENERATE_INFOPLIST_FILE = YES;
				INFOPLIST_KEY_UIApplicationSceneManifest_Generation = YES;
				INFOPLIST_KEY_UIApplicationSupportsIndirectInputEvents = YES;
				INFOPLIST_KEY_UILaunchScreen_Generation = YES;
				INFOPLIST_KEY_UISupportedInterfaceOrientations_iPad = "UIInterfaceOrientationPortrait UIInterfaceOrientationPortraitUpsideDown UIInterfaceOrientationLandscapeLeft UIInterfaceOrientationLandscapeRight";
				INFOPLIST_KEY_UISupportedInterfaceOrientations_iPhone = "UIInterfaceOrientationPortrait UIInterfaceOrientationLandscapeLeft UIInterfaceOrientationLandscapeRight";
				LD_RUNPATH_SEARCH_PATHS = (
					"$(inherited)",
					"@executable_path/Frameworks",
				);
				MARKETING_VERSION = 1.0;
				PRODUCT_BUNDLE_IDENTIFIER = com.yap.fengyuan.expenses;
				PRODUCT_NAME = "$(TARGET_NAME)";
				SWIFT_EMIT_LOC_STRINGS = YES;
				SWIFT_VERSION = 5.0;
				TARGETED_DEVICE_FAMILY = "1,2";
			};
			name = Debug;
		};
		B2A03EA9281F7182000DD5FA /* Release */ = {
			isa = XCBuildConfiguration;
			buildSettings = {
				ASSETCATALOG_COMPILER_APPICON_NAME = AppIcon;
				ASSETCATALOG_COMPILER_GLOBAL_ACCENT_COLOR_NAME = AccentColor;
				CODE_SIGN_STYLE = Automatic;
				CURRENT_PROJECT_VERSION = 1;
				DEVELOPMENT_ASSET_PATHS = "\"expenses/Preview Content\"";
				DEVELOPMENT_TEAM = 394Y786645;
				ENABLE_PREVIEWS = YES;
				GENERATE_INFOPLIST_FILE = YES;
				INFOPLIST_KEY_UIApplicationSceneManifest_Generation = YES;
				INFOPLIST_KEY_UIApplicationSupportsIndirectInputEvents = YES;
				INFOPLIST_KEY_UILaunchScreen_Generation = YES;
				INFOPLIST_KEY_UISupportedInterfaceOrientations_iPad = "UIInterfaceOrientationPortrait UIInterfaceOrientationPortraitUpsideDown UIInterfaceOrientationLandscapeLeft UIInterfaceOrientationLandscapeRight";
				INFOPLIST_KEY_UISupportedInterfaceOrientations_iPhone = "UIInterfaceOrientationPortrait UIInterfaceOrientationLandscapeLeft UIInterfaceOrientationLandscapeRight";
				LD_RUNPATH_SEARCH_PATHS = (
					"$(inherited)",
					"@executable_path/Frameworks",
				);
				MARKETING_VERSION = 1.0;
				PRODUCT_BUNDLE_IDENTIFIER = com.yap.fengyuan.expenses;
				PRODUCT_NAME = "$(TARGET_NAME)";
				SWIFT_EMIT_LOC_STRINGS = YES;
				SWIFT_VERSION = 5.0;
				TARGETED_DEVICE_FAMILY = "1,2";
			};
			name = Release;
		};
/* End XCBuildConfiguration section */

/* Begin XCConfigurationList section */
		B2A03E94281F717F000DD5FA /* Build configuration list for PBXProject "expenses" */ = {
			isa = XCConfigurationList;
			buildConfigurations = (
				B2A03EA5281F7182000DD5FA /* Debug */,
				B2A03EA6281F7182000DD5FA /* Release */,
			);
			defaultConfigurationIsVisible = 0;
			defaultConfigurationName = Release;
		};
		B2A03EA7281F7182000DD5FA /* Build configuration list for PBXNativeTarget "expenses" */ = {
			isa = XCConfigurationList;
			buildConfigurations = (
				B2A03EA8281F7182000DD5FA /* Debug */,
				B2A03EA9281F7182000DD5FA /* Release */,
			);
			defaultConfigurationIsVisible = 0;
			defaultConfigurationName = Release;
		};
/* End XCConfigurationList section */

/* Begin XCRemoteSwiftPackageReference section */
		B2A03EDE2824FEC0000DD5FA /* XCRemoteSwiftPackageReference "SwiftUIFontIcon" */ = {
			isa = XCRemoteSwiftPackageReference;
			repositoryURL = "https://github.com/huybuidac/SwiftUIFontIcon";
			requirement = {
				kind = upToNextMajorVersion;
				minimumVersion = 2.0.0;
			};
		};
		B2A03EE3282517D9000DD5FA /* XCRemoteSwiftPackageReference "swift-collections" */ = {
			isa = XCRemoteSwiftPackageReference;
			repositoryURL = "https://github.com/apple/swift-collections.git";
			requirement = {
				kind = upToNextMajorVersion;
				minimumVersion = 1.0.0;
			};
		};
		B2A03EE628251A04000DD5FA /* XCRemoteSwiftPackageReference "ChartView" */ = {
			isa = XCRemoteSwiftPackageReference;
			repositoryURL = "https://github.com/AppPear/ChartView";
			requirement = {
				kind = upToNextMajorVersion;
				minimumVersion = "2.0.0-beta.2";
			};
		};
/* End XCRemoteSwiftPackageReference section */

/* Begin XCSwiftPackageProductDependency section */
		B2A03EDF2824FEC0000DD5FA /* SwiftUIFontIcon */ = {
			isa = XCSwiftPackageProductDependency;
			package = B2A03EDE2824FEC0000DD5FA /* XCRemoteSwiftPackageReference "SwiftUIFontIcon" */;
			productName = SwiftUIFontIcon;
		};
		B2A03EE4282517D9000DD5FA /* Collections */ = {
			isa = XCSwiftPackageProductDependency;
			package = B2A03EE3282517D9000DD5FA /* XCRemoteSwiftPackageReference "swift-collections" */;
			productName = Collections;
		};
		B2A03EE728251A04000DD5FA /* SwiftUICharts */ = {
			isa = XCSwiftPackageProductDependency;
			package = B2A03EE628251A04000DD5FA /* XCRemoteSwiftPackageReference "ChartView" */;
			productName = SwiftUICharts;
		};
/* End XCSwiftPackageProductDependency section */
	};
	rootObject = B2A03E91281F717F000DD5FA /* Project object */;
}
